
Microsoft Visual Studio Solution File, Format Version 12.00
# Visual Studio 15
VisualStudioVersion = 15.0.26124.0
MinimumVisualStudioVersion = 15.0.26124.0
Project("{FAE04EC0-301F-11D3-BF4B-00C04F79EFBC}") = "Domain", "Domain\Domain.csproj", "{830731D5-01E7-40FA-8F86-0B14F818AD07}"
EndProject
Project("{FAE04EC0-301F-11D3-BF4B-00C04F79EFBC}") = "Application", "Application\Application.csproj", "{F866A944-A455-48BD-94CD-657AA4B0D5C4}"
EndProject
Project("{FAE04EC0-301F-11D3-BF4B-00C04F79EFBC}") = "Persistence", "Persistence\Persistence.csproj", "{6ECF9FE4-5BE9-4843-95E5-FDE90984DA28}"
EndProject
Project("{FAE04EC0-301F-11D3-BF4B-00C04F79EFBC}") = "API", "API\API.csproj", "{5E64831D-E09D-4CC6-8E7C-1A948B183F06}"
EndProject
Global
	GlobalSection(SolutionConfigurationPlatforms) = preSolution
		Debug|Any CPU = Debug|Any CPU
		Debug|x64 = Debug|x64
		Debug|x86 = Debug|x86
		Release|Any CPU = Release|Any CPU
		Release|x64 = Release|x64
		Release|x86 = Release|x86
	EndGlobalSection
	GlobalSection(SolutionProperties) = preSolution
		HideSolutionNode = FALSE
	EndGlobalSection
	GlobalSection(ProjectConfigurationPlatforms) = postSolution
		{830731D5-01E7-40FA-8F86-0B14F818AD07}.Debug|Any CPU.ActiveCfg = Debug|Any CPU
		{830731D5-01E7-40FA-8F86-0B14F818AD07}.Debug|Any CPU.Build.0 = Debug|Any CPU
		{830731D5-01E7-40FA-8F86-0B14F818AD07}.Debug|x64.ActiveCfg = Debug|Any CPU
		{830731D5-01E7-40FA-8F86-0B14F818AD07}.Debug|x64.Build.0 = Debug|Any CPU
		{830731D5-01E7-40FA-8F86-0B14F818AD07}.Debug|x86.ActiveCfg = Debug|Any CPU
		{830731D5-01E7-40FA-8F86-0B14F818AD07}.Debug|x86.Build.0 = Debug|Any CPU
		{830731D5-01E7-40FA-8F86-0B14F818AD07}.Release|Any CPU.ActiveCfg = Release|Any CPU
		{830731D5-01E7-40FA-8F86-0B14F818AD07}.Release|Any CPU.Build.0 = Release|Any CPU
		{830731D5-01E7-40FA-8F86-0B14F818AD07}.Release|x64.ActiveCfg = Release|Any CPU
		{830731D5-01E7-40FA-8F86-0B14F818AD07}.Release|x64.Build.0 = Release|Any CPU
		{830731D5-01E7-40FA-8F86-0B14F818AD07}.Release|x86.ActiveCfg = Release|Any CPU
		{830731D5-01E7-40FA-8F86-0B14F818AD07}.Release|x86.Build.0 = Release|Any CPU
		{F866A944-A455-48BD-94CD-657AA4B0D5C4}.Debug|Any CPU.ActiveCfg = Debug|Any CPU
		{F866A944-A455-48BD-94CD-657AA4B0D5C4}.Debug|Any CPU.Build.0 = Debug|Any CPU
		{F866A944-A455-48BD-94CD-657AA4B0D5C4}.Debug|x64.ActiveCfg = Debug|Any CPU
		{F866A944-A455-48BD-94CD-657AA4B0D5C4}.Debug|x64.Build.0 = Debug|Any CPU
		{F866A944-A455-48BD-94CD-657AA4B0D5C4}.Debug|x86.ActiveCfg = Debug|Any CPU
		{F866A944-A455-48BD-94CD-657AA4B0D5C4}.Debug|x86.Build.0 = Debug|Any CPU
		{F866A944-A455-48BD-94CD-657AA4B0D5C4}.Release|Any CPU.ActiveCfg = Release|Any CPU
		{F866A944-A455-48BD-94CD-657AA4B0D5C4}.Release|Any CPU.Build.0 = Release|Any CPU
		{F866A944-A455-48BD-94CD-657AA4B0D5C4}.Release|x64.ActiveCfg = Release|Any CPU
		{F866A944-A455-48BD-94CD-657AA4B0D5C4}.Release|x64.Build.0 = Release|Any CPU
		{F866A944-A455-48BD-94CD-657AA4B0D5C4}.Release|x86.ActiveCfg = Release|Any CPU
		{F866A944-A455-48BD-94CD-657AA4B0D5C4}.Release|x86.Build.0 = Release|Any CPU
		{6ECF9FE4-5BE9-4843-95E5-FDE90984DA28}.Debug|Any CPU.ActiveCfg = Debug|Any CPU
		{6ECF9FE4-5BE9-4843-95E5-FDE90984DA28}.Debug|Any CPU.Build.0 = Debug|Any CPU
		{6ECF9FE4-5BE9-4843-95E5-FDE90984DA28}.Debug|x64.ActiveCfg = Debug|Any CPU
		{6ECF9FE4-5BE9-4843-95E5-FDE90984DA28}.Debug|x64.Build.0 = Debug|Any CPU
		{6ECF9FE4-5BE9-4843-95E5-FDE90984DA28}.Debug|x86.ActiveCfg = Debug|Any CPU
		{6ECF9FE4-5BE9-4843-95E5-FDE90984DA28}.Debug|x86.Build.0 = Debug|Any CPU
		{6ECF9FE4-5BE9-4843-95E5-FDE90984DA28}.Release|Any CPU.ActiveCfg = Release|Any CPU
		{6ECF9FE4-5BE9-4843-95E5-FDE90984DA28}.Release|Any CPU.Build.0 = Release|Any CPU
		{6ECF9FE4-5BE9-4843-95E5-FDE90984DA28}.Release|x64.ActiveCfg = Release|Any CPU
		{6ECF9FE4-5BE9-4843-95E5-FDE90984DA28}.Release|x64.Build.0 = Release|Any CPU
		{6ECF9FE4-5BE9-4843-95E5-FDE90984DA28}.Release|x86.ActiveCfg = Release|Any CPU
		{6ECF9FE4-5BE9-4843-95E5-FDE90984DA28}.Release|x86.Build.0 = Release|Any CPU
		{5E64831D-E09D-4CC6-8E7C-1A948B183F06}.Debug|Any CPU.ActiveCfg = Debug|Any CPU
		{5E64831D-E09D-4CC6-8E7C-1A948B183F06}.Debug|Any CPU.Build.0 = Debug|Any CPU
		{5E64831D-E09D-4CC6-8E7C-1A948B183F06}.Debug|x64.ActiveCfg = Debug|Any CPU
		{5E64831D-E09D-4CC6-8E7C-1A948B183F06}.Debug|x64.Build.0 = Debug|Any CPU
		{5E64831D-E09D-4CC6-8E7C-1A948B183F06}.Debug|x86.ActiveCfg = Debug|Any CPU
		{5E64831D-E09D-4CC6-8E7C-1A948B183F06}.Debug|x86.Build.0 = Debug|Any CPU
		{5E64831D-E09D-4CC6-8E7C-1A948B183F06}.Release|Any CPU.ActiveCfg = Release|Any CPU
		{5E64831D-E09D-4CC6-8E7C-1A948B183F06}.Release|Any CPU.Build.0 = Release|Any CPU
		{5E64831D-E09D-4CC6-8E7C-1A948B183F06}.Release|x64.ActiveCfg = Release|Any CPU
		{5E64831D-E09D-4CC6-8E7C-1A948B183F06}.Release|x64.Build.0 = Release|Any CPU
		{5E64831D-E09D-4CC6-8E7C-1A948B183F06}.Release|x86.ActiveCfg = Release|Any CPU
		{5E64831D-E09D-4CC6-8E7C-1A948B183F06}.Release|x86.Build.0 = Release|Any CPU
	EndGlobalSection
EndGlobal
